// !$*UTF8*$!
{
	archiveVersion = 1;
	classes = {
	};
	objectVersion = 55;
	objects = {

/* Begin PBXBuildFile section */
		8728DA1E296772E500AB66A6 /* main.swift in Sources */ = {isa = PBXBuildFile; fileRef = 8728DA1D296772E500AB66A6 /* main.swift */; };
		8728DA252967734200AB66A6 /* LexerTypes.swift in Sources */ = {isa = PBXBuildFile; fileRef = 8728DA242967734200AB66A6 /* LexerTypes.swift */; };
		8728DA272967817D00AB66A6 /* Lexers.swift in Sources */ = {isa = PBXBuildFile; fileRef = 8728DA262967817D00AB66A6 /* Lexers.swift */; };
		8728DA2F2968D8BA00AB66A6 /* LexerTests.swift in Sources */ = {isa = PBXBuildFile; fileRef = 8728DA2E2968D8BA00AB66A6 /* LexerTests.swift */; };
		8728DA332968D99200AB66A6 /* Lexers.swift in Sources */ = {isa = PBXBuildFile; fileRef = 8728DA262967817D00AB66A6 /* Lexers.swift */; };
		8728DA342968D99600AB66A6 /* LexerTypes.swift in Sources */ = {isa = PBXBuildFile; fileRef = 8728DA242967734200AB66A6 /* LexerTypes.swift */; };
		87F0A613298B04380086F9D2 /* ParserTypes.swift in Sources */ = {isa = PBXBuildFile; fileRef = 87F0A612298B04380086F9D2 /* ParserTypes.swift */; };
		87F0A616298DD3050086F9D2 /* Parsers.swift in Sources */ = {isa = PBXBuildFile; fileRef = 87F0A615298DD3050086F9D2 /* Parsers.swift */; };
		87F0A61829905C500086F9D2 /* ParserTests.swift in Sources */ = {isa = PBXBuildFile; fileRef = 87F0A61729905C500086F9D2 /* ParserTests.swift */; };
		87F0A61929905E1F0086F9D2 /* Parsers.swift in Sources */ = {isa = PBXBuildFile; fileRef = 87F0A615298DD3050086F9D2 /* Parsers.swift */; };
		87F0A61A29905E410086F9D2 /* ParserTypes.swift in Sources */ = {isa = PBXBuildFile; fileRef = 87F0A612298B04380086F9D2 /* ParserTypes.swift */; };
/* End PBXBuildFile section */

/* Begin PBXCopyFilesBuildPhase section */
		8728DA18296772E500AB66A6 /* CopyFiles */ = {
			isa = PBXCopyFilesBuildPhase;
			buildActionMask = 2147483647;
			dstPath = /usr/share/man/man1/;
			dstSubfolderSpec = 0;
			files = (
			);
			runOnlyForDeploymentPostprocessing = 1;
		};
/* End PBXCopyFilesBuildPhase section */

/* Begin PBXFileReference section */
		8728DA1A296772E500AB66A6 /* MyOwnSQL */ = {isa = PBXFileReference; explicitFileType = "compiled.mach-o.executable"; includeInIndex = 0; path = MyOwnSQL; sourceTree = BUILT_PRODUCTS_DIR; };
		8728DA1D296772E500AB66A6 /* main.swift */ = {isa = PBXFileReference; lastKnownFileType = sourcecode.swift; path = main.swift; sourceTree = "<group>"; };
		8728DA242967734200AB66A6 /* LexerTypes.swift */ = {isa = PBXFileReference; lastKnownFileType = sourcecode.swift; path = LexerTypes.swift; sourceTree = "<group>"; };
		8728DA262967817D00AB66A6 /* Lexers.swift */ = {isa = PBXFileReference; lastKnownFileType = sourcecode.swift; path = Lexers.swift; sourceTree = "<group>"; };
		8728DA2C2968D8BA00AB66A6 /* MyOwnSQLTests.xctest */ = {isa = PBXFileReference; explicitFileType = wrapper.cfbundle; includeInIndex = 0; path = MyOwnSQLTests.xctest; sourceTree = BUILT_PRODUCTS_DIR; };
		8728DA2E2968D8BA00AB66A6 /* LexerTests.swift */ = {isa = PBXFileReference; lastKnownFileType = sourcecode.swift; path = LexerTests.swift; sourceTree = "<group>"; };
		87F0A612298B04380086F9D2 /* ParserTypes.swift */ = {isa = PBXFileReference; lastKnownFileType = sourcecode.swift; path = ParserTypes.swift; sourceTree = "<group>"; };
		87F0A615298DD3050086F9D2 /* Parsers.swift */ = {isa = PBXFileReference; lastKnownFileType = sourcecode.swift; path = Parsers.swift; sourceTree = "<group>"; };
		87F0A61729905C500086F9D2 /* ParserTests.swift */ = {isa = PBXFileReference; lastKnownFileType = sourcecode.swift; path = ParserTests.swift; sourceTree = "<group>"; };
/* End PBXFileReference section */

/* Begin PBXFrameworksBuildPhase section */
		8728DA17296772E500AB66A6 /* Frameworks */ = {
			isa = PBXFrameworksBuildPhase;
			buildActionMask = 2147483647;
			files = (
			);
			runOnlyForDeploymentPostprocessing = 0;
		};
		8728DA292968D8BA00AB66A6 /* Frameworks */ = {
			isa = PBXFrameworksBuildPhase;
			buildActionMask = 2147483647;
			files = (
			);
			runOnlyForDeploymentPostprocessing = 0;
		};
/* End PBXFrameworksBuildPhase section */

/* Begin PBXGroup section */
		8728DA11296772E500AB66A6 = {
			isa = PBXGroup;
			children = (
				8728DA1C296772E500AB66A6 /* MyOwnSQL */,
				8728DA2D2968D8BA00AB66A6 /* MyOwnSQLTests */,
				8728DA1B296772E500AB66A6 /* Products */,
			);
			sourceTree = "<group>";
		};
		8728DA1B296772E500AB66A6 /* Products */ = {
			isa = PBXGroup;
			children = (
				8728DA1A296772E500AB66A6 /* MyOwnSQL */,
				8728DA2C2968D8BA00AB66A6 /* MyOwnSQLTests.xctest */,
			);
			name = Products;
			sourceTree = "<group>";
		};
		8728DA1C296772E500AB66A6 /* MyOwnSQL */ = {
			isa = PBXGroup;
			children = (
				8728DA1D296772E500AB66A6 /* main.swift */,
				8728DA242967734200AB66A6 /* LexerTypes.swift */,
				8728DA262967817D00AB66A6 /* Lexers.swift */,
				87F0A612298B04380086F9D2 /* ParserTypes.swift */,
				87F0A615298DD3050086F9D2 /* Parsers.swift */,
			);
			path = MyOwnSQL;
			sourceTree = "<group>";
		};
		8728DA2D2968D8BA00AB66A6 /* MyOwnSQLTests */ = {
			isa = PBXGroup;
			children = (
				8728DA2E2968D8BA00AB66A6 /* LexerTests.swift */,
				87F0A61729905C500086F9D2 /* ParserTests.swift */,
			);
			path = MyOwnSQLTests;
			sourceTree = "<group>";
		};
/* End PBXGroup section */

/* Begin PBXNativeTarget section */
		8728DA19296772E500AB66A6 /* MyOwnSQL */ = {
			isa = PBXNativeTarget;
			buildConfigurationList = 8728DA21296772E500AB66A6 /* Build configuration list for PBXNativeTarget "MyOwnSQL" */;
			buildPhases = (
				8728DA16296772E500AB66A6 /* Sources */,
				8728DA17296772E500AB66A6 /* Frameworks */,
				8728DA18296772E500AB66A6 /* CopyFiles */,
			);
			buildRules = (
			);
			dependencies = (
			);
			name = MyOwnSQL;
			productName = MyOwnSQL;
			productReference = 8728DA1A296772E500AB66A6 /* MyOwnSQL */;
			productType = "com.apple.product-type.tool";
		};
		8728DA2B2968D8BA00AB66A6 /* MyOwnSQLTests */ = {
			isa = PBXNativeTarget;
			buildConfigurationList = 8728DA302968D8BA00AB66A6 /* Build configuration list for PBXNativeTarget "MyOwnSQLTests" */;
			buildPhases = (
				8728DA282968D8BA00AB66A6 /* Sources */,
				8728DA292968D8BA00AB66A6 /* Frameworks */,
				8728DA2A2968D8BA00AB66A6 /* Resources */,
			);
			buildRules = (
			);
			dependencies = (
			);
			name = MyOwnSQLTests;
			productName = MyOwnSQLTests;
			productReference = 8728DA2C2968D8BA00AB66A6 /* MyOwnSQLTests.xctest */;
			productType = "com.apple.product-type.bundle.unit-test";
		};
/* End PBXNativeTarget section */

/* Begin PBXProject section */
		8728DA12296772E500AB66A6 /* Project object */ = {
			isa = PBXProject;
			attributes = {
				BuildIndependentTargetsInParallel = 1;
				LastSwiftUpdateCheck = 1340;
				LastUpgradeCheck = 1340;
				TargetAttributes = {
					8728DA19296772E500AB66A6 = {
						CreatedOnToolsVersion = 13.4.1;
					};
					8728DA2B2968D8BA00AB66A6 = {
						CreatedOnToolsVersion = 13.4.1;
					};
				};
			};
			buildConfigurationList = 8728DA15296772E500AB66A6 /* Build configuration list for PBXProject "MyOwnSQL" */;
			compatibilityVersion = "Xcode 13.0";
			developmentRegion = en;
			hasScannedForEncodings = 0;
			knownRegions = (
				en,
				Base,
			);
			mainGroup = 8728DA11296772E500AB66A6;
			productRefGroup = 8728DA1B296772E500AB66A6 /* Products */;
			projectDirPath = "";
			projectRoot = "";
			targets = (
				8728DA19296772E500AB66A6 /* MyOwnSQL */,
				8728DA2B2968D8BA00AB66A6 /* MyOwnSQLTests */,
			);
		};
/* End PBXProject section */

/* Begin PBXResourcesBuildPhase section */
		8728DA2A2968D8BA00AB66A6 /* Resources */ = {
			isa = PBXResourcesBuildPhase;
			buildActionMask = 2147483647;
			files = (
			);
			runOnlyForDeploymentPostprocessing = 0;
		};
/* End PBXResourcesBuildPhase section */

/* Begin PBXSourcesBuildPhase section */
		8728DA16296772E500AB66A6 /* Sources */ = {
			isa = PBXSourcesBuildPhase;
			buildActionMask = 2147483647;
			files = (
				8728DA272967817D00AB66A6 /* Lexers.swift in Sources */,
				8728DA1E296772E500AB66A6 /* main.swift in Sources */,
				87F0A613298B04380086F9D2 /* ParserTypes.swift in Sources */,
				87F0A616298DD3050086F9D2 /* Parsers.swift in Sources */,
				8728DA252967734200AB66A6 /* LexerTypes.swift in Sources */,
			);
			runOnlyForDeploymentPostprocessing = 0;
		};
		8728DA282968D8BA00AB66A6 /* Sources */ = {
			isa = PBXSourcesBuildPhase;
			buildActionMask = 2147483647;
			files = (
				87F0A61829905C500086F9D2 /* ParserTests.swift in Sources */,
				8728DA342968D99600AB66A6 /* LexerTypes.swift in Sources */,
				8728DA332968D99200AB66A6 /* Lexers.swift in Sources */,
				87F0A61929905E1F0086F9D2 /* Parsers.swift in Sources */,
				87F0A61A29905E410086F9D2 /* ParserTypes.swift in Sources */,
				8728DA2F2968D8BA00AB66A6 /* LexerTests.swift in Sources */,
			);
			runOnlyForDeploymentPostprocessing = 0;
		};
/* End PBXSourcesBuildPhase section */

/* Begin XCBuildConfiguration section */
		8728DA1F296772E500AB66A6 /* Debug */ = {
			isa = XCBuildConfiguration;
			buildSettings = {
				ALWAYS_SEARCH_USER_PATHS = NO;
				CLANG_ANALYZER_NONNULL = YES;
				CLANG_ANALYZER_NUMBER_OBJECT_CONVERSION = YES_AGGRESSIVE;
				CLANG_CXX_LANGUAGE_STANDARD = "gnu++17";
				CLANG_ENABLE_MODULES = YES;
				CLANG_ENABLE_OBJC_ARC = YES;
				CLANG_ENABLE_OBJC_WEAK = YES;
				CLANG_WARN_BLOCK_CAPTURE_AUTORELEASING = YES;
				CLANG_WARN_BOOL_CONVERSION = YES;
				CLANG_WARN_COMMA = YES;
				CLANG_WARN_CONSTANT_CONVERSION = YES;
				CLANG_WARN_DEPRECATED_OBJC_IMPLEMENTATIONS = YES;
				CLANG_WARN_DIRECT_OBJC_ISA_USAGE = YES_ERROR;
				CLANG_WARN_DOCUMENTATION_COMMENTS = YES;
				CLANG_WARN_EMPTY_BODY = YES;
				CLANG_WARN_ENUM_CONVERSION = YES;
				CLANG_WARN_INFINITE_RECURSION = YES;
				CLANG_WARN_INT_CONVERSION = YES;
				CLANG_WARN_NON_LITERAL_NULL_CONVERSION = YES;
				CLANG_WARN_OBJC_IMPLICIT_RETAIN_SELF = YES;
				CLANG_WARN_OBJC_LITERAL_CONVERSION = YES;
				CLANG_WARN_OBJC_ROOT_CLASS = YES_ERROR;
				CLANG_WARN_QUOTED_INCLUDE_IN_FRAMEWORK_HEADER = YES;
				CLANG_WARN_RANGE_LOOP_ANALYSIS = YES;
				CLANG_WARN_STRICT_PROTOTYPES = YES;
				CLANG_WARN_SUSPICIOUS_MOVE = YES;
				CLANG_WARN_UNGUARDED_AVAILABILITY = YES_AGGRESSIVE;
				CLANG_WARN_UNREACHABLE_CODE = YES;
				CLANG_WARN__DUPLICATE_METHOD_MATCH = YES;
				COPY_PHASE_STRIP = NO;
				DEBUG_INFORMATION_FORMAT = dwarf;
				ENABLE_STRICT_OBJC_MSGSEND = YES;
				ENABLE_TESTABILITY = YES;
				GCC_C_LANGUAGE_STANDARD = gnu11;
				GCC_DYNAMIC_NO_PIC = NO;
				GCC_NO_COMMON_BLOCKS = YES;
				GCC_OPTIMIZATION_LEVEL = 0;
				GCC_PREPROCESSOR_DEFINITIONS = (
					"DEBUG=1",
					"$(inherited)",
				);
				GCC_WARN_64_TO_32_BIT_CONVERSION = YES;
				GCC_WARN_ABOUT_RETURN_TYPE = YES_ERROR;
				GCC_WARN_UNDECLARED_SELECTOR = YES;
				GCC_WARN_UNINITIALIZED_AUTOS = YES_AGGRESSIVE;
				GCC_WARN_UNUSED_FUNCTION = YES;
				GCC_WARN_UNUSED_VARIABLE = YES;
				MACOSX_DEPLOYMENT_TARGET = 12.3;
				MTL_ENABLE_DEBUG_INFO = INCLUDE_SOURCE;
				MTL_FAST_MATH = YES;
				ONLY_ACTIVE_ARCH = YES;
				SDKROOT = macosx;
				SWIFT_ACTIVE_COMPILATION_CONDITIONS = DEBUG;
				SWIFT_OPTIMIZATION_LEVEL = "-Onone";
			};
			name = Debug;
		};
		8728DA20296772E500AB66A6 /* Release */ = {
			isa = XCBuildConfiguration;
			buildSettings = {
				ALWAYS_SEARCH_USER_PATHS = NO;
				CLANG_ANALYZER_NONNULL = YES;
				CLANG_ANALYZER_NUMBER_OBJECT_CONVERSION = YES_AGGRESSIVE;
				CLANG_CXX_LANGUAGE_STANDARD = "gnu++17";
				CLANG_ENABLE_MODULES = YES;
				CLANG_ENABLE_OBJC_ARC = YES;
				CLANG_ENABLE_OBJC_WEAK = YES;
				CLANG_WARN_BLOCK_CAPTURE_AUTORELEASING = YES;
				CLANG_WARN_BOOL_CONVERSION = YES;
				CLANG_WARN_COMMA = YES;
				CLANG_WARN_CONSTANT_CONVERSION = YES;
				CLANG_WARN_DEPRECATED_OBJC_IMPLEMENTATIONS = YES;
				CLANG_WARN_DIRECT_OBJC_ISA_USAGE = YES_ERROR;
				CLANG_WARN_DOCUMENTATION_COMMENTS = YES;
				CLANG_WARN_EMPTY_BODY = YES;
				CLANG_WARN_ENUM_CONVERSION = YES;
				CLANG_WARN_INFINITE_RECURSION = YES;
				CLANG_WARN_INT_CONVERSION = YES;
				CLANG_WARN_NON_LITERAL_NULL_CONVERSION = YES;
				CLANG_WARN_OBJC_IMPLICIT_RETAIN_SELF = YES;
				CLANG_WARN_OBJC_LITERAL_CONVERSION = YES;
				CLANG_WARN_OBJC_ROOT_CLASS = YES_ERROR;
				CLANG_WARN_QUOTED_INCLUDE_IN_FRAMEWORK_HEADER = YES;
				CLANG_WARN_RANGE_LOOP_ANALYSIS = YES;
				CLANG_WARN_STRICT_PROTOTYPES = YES;
				CLANG_WARN_SUSPICIOUS_MOVE = YES;
				CLANG_WARN_UNGUARDED_AVAILABILITY = YES_AGGRESSIVE;
				CLANG_WARN_UNREACHABLE_CODE = YES;
				CLANG_WARN__DUPLICATE_METHOD_MATCH = YES;
				COPY_PHASE_STRIP = NO;
				DEBUG_INFORMATION_FORMAT = "dwarf-with-dsym";
				ENABLE_NS_ASSERTIONS = NO;
				ENABLE_STRICT_OBJC_MSGSEND = YES;
				GCC_C_LANGUAGE_STANDARD = gnu11;
				GCC_NO_COMMON_BLOCKS = YES;
				GCC_WARN_64_TO_32_BIT_CONVERSION = YES;
				GCC_WARN_ABOUT_RETURN_TYPE = YES_ERROR;
				GCC_WARN_UNDECLARED_SELECTOR = YES;
				GCC_WARN_UNINITIALIZED_AUTOS = YES_AGGRESSIVE;
				GCC_WARN_UNUSED_FUNCTION = YES;
				GCC_WARN_UNUSED_VARIABLE = YES;
				MACOSX_DEPLOYMENT_TARGET = 12.3;
				MTL_ENABLE_DEBUG_INFO = NO;
				MTL_FAST_MATH = YES;
				SDKROOT = macosx;
				SWIFT_COMPILATION_MODE = wholemodule;
				SWIFT_OPTIMIZATION_LEVEL = "-O";
			};
			name = Release;
		};
		8728DA22296772E500AB66A6 /* Debug */ = {
			isa = XCBuildConfiguration;
			buildSettings = {
				CODE_SIGN_STYLE = Automatic;
				DEVELOPMENT_TEAM = GARV9392W2;
				ENABLE_HARDENED_RUNTIME = YES;
				PRODUCT_NAME = "$(TARGET_NAME)";
				SWIFT_VERSION = 5.0;
			};
			name = Debug;
		};
		8728DA23296772E500AB66A6 /* Release */ = {
			isa = XCBuildConfiguration;
			buildSettings = {
				CODE_SIGN_STYLE = Automatic;
				DEVELOPMENT_TEAM = GARV9392W2;
				ENABLE_HARDENED_RUNTIME = YES;
				PRODUCT_NAME = "$(TARGET_NAME)";
				SWIFT_VERSION = 5.0;
			};
			name = Release;
		};
		8728DA312968D8BA00AB66A6 /* Debug */ = {
			isa = XCBuildConfiguration;
			buildSettings = {
				CODE_SIGN_STYLE = Automatic;
				CURRENT_PROJECT_VERSION = 1;
				DEVELOPMENT_TEAM = GARV9392W2;
				GENERATE_INFOPLIST_FILE = YES;
				MARKETING_VERSION = 1.0;
				PRODUCT_BUNDLE_IDENTIFIER = com.quephird.MyOwnSQLTests;
				PRODUCT_NAME = "$(TARGET_NAME)";
				SWIFT_EMIT_LOC_STRINGS = NO;
				SWIFT_VERSION = 5.0;
			};
			name = Debug;
		};
		8728DA322968D8BA00AB66A6 /* Release */ = {
			isa = XCBuildConfiguration;
			buildSettings = {
				CODE_SIGN_STYLE = Automatic;
				CURRENT_PROJECT_VERSION = 1;
				DEVELOPMENT_TEAM = GARV9392W2;
				GENERATE_INFOPLIST_FILE = YES;
				MARKETING_VERSION = 1.0;
				PRODUCT_BUNDLE_IDENTIFIER = com.quephird.MyOwnSQLTests;
				PRODUCT_NAME = "$(TARGET_NAME)";
				SWIFT_EMIT_LOC_STRINGS = NO;
				SWIFT_VERSION = 5.0;
			};
			name = Release;
		};
/* End XCBuildConfiguration section */

/* Begin XCConfigurationList section */
		8728DA15296772E500AB66A6 /* Build configuration list for PBXProject "MyOwnSQL" */ = {
			isa = XCConfigurationList;
			buildConfigurations = (
				8728DA1F296772E500AB66A6 /* Debug */,
				8728DA20296772E500AB66A6 /* Release */,
			);
			defaultConfigurationIsVisible = 0;
			defaultConfigurationName = Release;
		};
		8728DA21296772E500AB66A6 /* Build configuration list for PBXNativeTarget "MyOwnSQL" */ = {
			isa = XCConfigurationList;
			buildConfigurations = (
				8728DA22296772E500AB66A6 /* Debug */,
				8728DA23296772E500AB66A6 /* Release */,
			);
			defaultConfigurationIsVisible = 0;
			defaultConfigurationName = Release;
		};
		8728DA302968D8BA00AB66A6 /* Build configuration list for PBXNativeTarget "MyOwnSQLTests" */ = {
			isa = XCConfigurationList;
			buildConfigurations = (
				8728DA312968D8BA00AB66A6 /* Debug */,
				8728DA322968D8BA00AB66A6 /* Release */,
			);
			defaultConfigurationIsVisible = 0;
			defaultConfigurationName = Release;
		};
/* End XCConfigurationList section */
	};
	rootObject = 8728DA12296772E500AB66A6 /* Project object */;
}
